// !$*UTF8*$!
{
	archiveVersion = 1;
	classes = {
	};
	objectVersion = 46;
	objects = {

/* Begin PBXBuildFile section */
		CDC08FE81ED50209004D41AB /* SearchResult.swift in Sources */ = {isa = PBXBuildFile; fileRef = CDC08FE71ED50209004D41AB /* SearchResult.swift */; };
		CDC08FEA1ED51AE6004D41AB /* SearchResultCell.xib in Resources */ = {isa = PBXBuildFile; fileRef = CDC08FE91ED51AE6004D41AB /* SearchResultCell.xib */; };
		CDC08FEC1ED51FDF004D41AB /* SearchResultCell.swift in Sources */ = {isa = PBXBuildFile; fileRef = CDC08FEB1ED51FDF004D41AB /* SearchResultCell.swift */; };
		CDC08FEE1ED525FC004D41AB /* NothingFoundCell.xib in Resources */ = {isa = PBXBuildFile; fileRef = CDC08FED1ED525FC004D41AB /* NothingFoundCell.xib */; };
		CDC08FF01ED77764004D41AB /* LoadingCell.xib in Resources */ = {isa = PBXBuildFile; fileRef = CDC08FEF1ED77764004D41AB /* LoadingCell.xib */; };
		CDC08FF21ED81FEB004D41AB /* UIImageView+DownloadImage.swift in Sources */ = {isa = PBXBuildFile; fileRef = CDC08FF11ED81FEB004D41AB /* UIImageView+DownloadImage.swift */; };
		CDE16BCC1ED4B86F0036693A /* AppDelegate.swift in Sources */ = {isa = PBXBuildFile; fileRef = CDE16BCB1ED4B86F0036693A /* AppDelegate.swift */; };
		CDE16BCE1ED4B86F0036693A /* SearchViewController.swift in Sources */ = {isa = PBXBuildFile; fileRef = CDE16BCD1ED4B86F0036693A /* SearchViewController.swift */; };
		CDE16BD11ED4B86F0036693A /* Main.storyboard in Resources */ = {isa = PBXBuildFile; fileRef = CDE16BCF1ED4B86F0036693A /* Main.storyboard */; };
		CDE16BD31ED4B86F0036693A /* Assets.xcassets in Resources */ = {isa = PBXBuildFile; fileRef = CDE16BD21ED4B86F0036693A /* Assets.xcassets */; };
/* End PBXBuildFile section */

/* Begin PBXFileReference section */
		CDC08FE71ED50209004D41AB /* SearchResult.swift */ = {isa = PBXFileReference; fileEncoding = 4; lastKnownFileType = sourcecode.swift; path = SearchResult.swift; sourceTree = "<group>"; };
		CDC08FE91ED51AE6004D41AB /* SearchResultCell.xib */ = {isa = PBXFileReference; fileEncoding = 4; lastKnownFileType = file.xib; path = SearchResultCell.xib; sourceTree = "<group>"; };
		CDC08FEB1ED51FDF004D41AB /* SearchResultCell.swift */ = {isa = PBXFileReference; fileEncoding = 4; lastKnownFileType = sourcecode.swift; path = SearchResultCell.swift; sourceTree = "<group>"; };
		CDC08FED1ED525FC004D41AB /* NothingFoundCell.xib */ = {isa = PBXFileReference; fileEncoding = 4; lastKnownFileType = file.xib; path = NothingFoundCell.xib; sourceTree = "<group>"; };
		CDC08FEF1ED77764004D41AB /* LoadingCell.xib */ = {isa = PBXFileReference; fileEncoding = 4; lastKnownFileType = file.xib; path = LoadingCell.xib; sourceTree = "<group>"; };
		CDC08FF11ED81FEB004D41AB /* UIImageView+DownloadImage.swift */ = {isa = PBXFileReference; fileEncoding = 4; lastKnownFileType = sourcecode.swift; path = "UIImageView+DownloadImage.swift"; sourceTree = "<group>"; };
		CDE16BC81ED4B86F0036693A /* StoreSearch.app */ = {isa = PBXFileReference; explicitFileType = wrapper.application; includeInIndex = 0; path = StoreSearch.app; sourceTree = BUILT_PRODUCTS_DIR; };
		CDE16BCB1ED4B86F0036693A /* AppDelegate.swift */ = {isa = PBXFileReference; lastKnownFileType = sourcecode.swift; path = AppDelegate.swift; sourceTree = "<group>"; };
		CDE16BCD1ED4B86F0036693A /* SearchViewController.swift */ = {isa = PBXFileReference; lastKnownFileType = sourcecode.swift; path = SearchViewController.swift; sourceTree = "<group>"; };
		CDE16BD01ED4B86F0036693A /* Base */ = {isa = PBXFileReference; lastKnownFileType = file.storyboard; name = Base; path = Base.lproj/Main.storyboard; sourceTree = "<group>"; };
		CDE16BD21ED4B86F0036693A /* Assets.xcassets */ = {isa = PBXFileReference; lastKnownFileType = folder.assetcatalog; path = Assets.xcassets; sourceTree = "<group>"; };
		CDE16BD71ED4B8700036693A /* Info.plist */ = {isa = PBXFileReference; lastKnownFileType = text.plist.xml; path = Info.plist; sourceTree = "<group>"; };
/* End PBXFileReference section */

/* Begin PBXFrameworksBuildPhase section */
		CDE16BC51ED4B86F0036693A /* Frameworks */ = {
			isa = PBXFrameworksBuildPhase;
			buildActionMask = 2147483647;
			files = (
			);
			runOnlyForDeploymentPostprocessing = 0;
		};
/* End PBXFrameworksBuildPhase section */

/* Begin PBXGroup section */
		CDE16BBF1ED4B86F0036693A = {
			isa = PBXGroup;
			children = (
				CDE16BCA1ED4B86F0036693A /* StoreSearch */,
				CDE16BC91ED4B86F0036693A /* Products */,
			);
			sourceTree = "<group>";
		};
		CDE16BC91ED4B86F0036693A /* Products */ = {
			isa = PBXGroup;
			children = (
				CDE16BC81ED4B86F0036693A /* StoreSearch.app */,
			);
			name = Products;
			sourceTree = "<group>";
		};
		CDE16BCA1ED4B86F0036693A /* StoreSearch */ = {
			isa = PBXGroup;
			children = (
				CDE16BCB1ED4B86F0036693A /* AppDelegate.swift */,
				CDE16BCD1ED4B86F0036693A /* SearchViewController.swift */,
				CDE16BCF1ED4B86F0036693A /* Main.storyboard */,
				CDE16BD21ED4B86F0036693A /* Assets.xcassets */,
				CDE16BD71ED4B8700036693A /* Info.plist */,
				CDC08FE71ED50209004D41AB /* SearchResult.swift */,
				CDC08FE91ED51AE6004D41AB /* SearchResultCell.xib */,
				CDC08FEB1ED51FDF004D41AB /* SearchResultCell.swift */,
				CDC08FED1ED525FC004D41AB /* NothingFoundCell.xib */,
				CDC08FEF1ED77764004D41AB /* LoadingCell.xib */,
				CDC08FF11ED81FEB004D41AB /* UIImageView+DownloadImage.swift */,
			);
			path = StoreSearch;
			sourceTree = "<group>";
		};
/* End PBXGroup section */

/* Begin PBXNativeTarget section */
		CDE16BC71ED4B86F0036693A /* StoreSearch */ = {
			isa = PBXNativeTarget;
			buildConfigurationList = CDE16BDA1ED4B8700036693A /* Build configuration list for PBXNativeTarget "StoreSearch" */;
			buildPhases = (
				CDE16BC41ED4B86F0036693A /* Sources */,
				CDE16BC51ED4B86F0036693A /* Frameworks */,
				CDE16BC61ED4B86F0036693A /* Resources */,
			);
			buildRules = (
			);
			dependencies = (
			);
			name = StoreSearch;
			productName = StoreSearch;
			productReference = CDE16BC81ED4B86F0036693A /* StoreSearch.app */;
			productType = "com.apple.product-type.application";
		};
/* End PBXNativeTarget section */

/* Begin PBXProject section */
		CDE16BC01ED4B86F0036693A /* Project object */ = {
			isa = PBXProject;
			attributes = {
				LastSwiftUpdateCheck = 0830;
				LastUpgradeCheck = 0830;
				ORGANIZATIONNAME = "Norman Lopez";
				TargetAttributes = {
					CDE16BC71ED4B86F0036693A = {
						CreatedOnToolsVersion = 8.3.2;
						DevelopmentTeam = M569N7RGY6;
						ProvisioningStyle = Automatic;
					};
				};
			};
			buildConfigurationList = CDE16BC31ED4B86F0036693A /* Build configuration list for PBXProject "StoreSearch" */;
			compatibilityVersion = "Xcode 3.2";
			developmentRegion = English;
			hasScannedForEncodings = 0;
			knownRegions = (
				en,
				Base,
			);
			mainGroup = CDE16BBF1ED4B86F0036693A;
			productRefGroup = CDE16BC91ED4B86F0036693A /* Products */;
			projectDirPath = "";
			projectRoot = "";
			targets = (
				CDE16BC71ED4B86F0036693A /* StoreSearch */,
			);
		};
/* End PBXProject section */

/* Begin PBXResourcesBuildPhase section */
		CDE16BC61ED4B86F0036693A /* Resources */ = {
			isa = PBXResourcesBuildPhase;
			buildActionMask = 2147483647;
			files = (
				CDE16BD31ED4B86F0036693A /* Assets.xcassets in Resources */,
				CDC08FF01ED77764004D41AB /* LoadingCell.xib in Resources */,
				CDC08FEA1ED51AE6004D41AB /* SearchResultCell.xib in Resources */,
				CDC08FEE1ED525FC004D41AB /* NothingFoundCell.xib in Resources */,
				CDE16BD11ED4B86F0036693A /* Main.storyboard in Resources */,
			);
			runOnlyForDeploymentPostprocessing = 0;
		};
/* End PBXResourcesBuildPhase section */

/* Begin PBXSourcesBuildPhase section */
		CDE16BC41ED4B86F0036693A /* Sources */ = {
			isa = PBXSourcesBuildPhase;
			buildActionMask = 2147483647;
			files = (
				CDE16BCE1ED4B86F0036693A /* SearchViewController.swift in Sources */,
				CDC08FE81ED50209004D41AB /* SearchResult.swift in Sources */,
				CDC08FEC1ED51FDF004D41AB /* SearchResultCell.swift in Sources */,
				CDE16BCC1ED4B86F0036693A /* AppDelegate.swift in Sources */,
				CDC08FF21ED81FEB004D41AB /* UIImageView+DownloadImage.swift in Sources */,
			);
			runOnlyForDeploymentPostprocessing = 0;
		};
/* End PBXSourcesBuildPhase section */

/* Begin PBXVariantGroup section */
		CDE16BCF1ED4B86F0036693A /* Main.storyboard */ = {
			isa = PBXVariantGroup;
			children = (
				CDE16BD01ED4B86F0036693A /* Base */,
			);
			name = Main.storyboard;
			sourceTree = "<group>";
		};
/* End PBXVariantGroup section */

/* Begin XCBuildConfiguration section */
		CDE16BD81ED4B8700036693A /* Debug */ = {
			isa = XCBuildConfiguration;
			buildSettings = {
				ALWAYS_SEARCH_USER_PATHS = NO;
				CLANG_ANALYZER_NONNULL = YES;
				CLANG_ANALYZER_NUMBER_OBJECT_CONVERSION = YES_AGGRESSIVE;
				CLANG_CXX_LANGUAGE_STANDARD = "gnu++0x";
				CLANG_CXX_LIBRARY = "libc++";
				CLANG_ENABLE_MODULES = YES;
				CLANG_ENABLE_OBJC_ARC = YES;
				CLANG_WARN_BOOL_CONVERSION = YES;
				CLANG_WARN_CONSTANT_CONVERSION = YES;
				CLANG_WARN_DIRECT_OBJC_ISA_USAGE = YES_ERROR;
				CLANG_WARN_DOCUMENTATION_COMMENTS = YES;
				CLANG_WARN_EMPTY_BODY = YES;
				CLANG_WARN_ENUM_CONVERSION = YES;
				CLANG_WARN_INFINITE_RECURSION = YES;
				CLANG_WARN_INT_CONVERSION = YES;
				CLANG_WARN_OBJC_ROOT_CLASS = YES_ERROR;
				CLANG_WARN_SUSPICIOUS_MOVE = YES;
				CLANG_WARN_UNREACHABLE_CODE = YES;
				CLANG_WARN__DUPLICATE_METHOD_MATCH = YES;
				"CODE_SIGN_IDENTITY[sdk=iphoneos*]" = "iPhone Developer";
				COPY_PHASE_STRIP = NO;
				DEBUG_INFORMATION_FORMAT = dwarf;
				ENABLE_STRICT_OBJC_MSGSEND = YES;
				ENABLE_TESTABILITY = YES;
				GCC_C_LANGUAGE_STANDARD = gnu99;
				GCC_DYNAMIC_NO_PIC = NO;
				GCC_NO_COMMON_BLOCKS = YES;
				GCC_OPTIMIZATION_LEVEL = 0;
				GCC_PREPROCESSOR_DEFINITIONS = (
					"DEBUG=1",
					"$(inherited)",
				);
				GCC_WARN_64_TO_32_BIT_CONVERSION = YES;
				GCC_WARN_ABOUT_RETURN_TYPE = YES_ERROR;
				GCC_WARN_UNDECLARED_SELECTOR = YES;
				GCC_WARN_UNINITIALIZED_AUTOS = YES_AGGRESSIVE;
				GCC_WARN_UNUSED_FUNCTION = YES;
				GCC_WARN_UNUSED_VARIABLE = YES;
				IPHONEOS_DEPLOYMENT_TARGET = 10.3;
				MTL_ENABLE_DEBUG_INFO = YES;
				ONLY_ACTIVE_ARCH = YES;
				SDKROOT = iphoneos;
				SWIFT_ACTIVE_COMPILATION_CONDITIONS = DEBUG;
				SWIFT_OPTIMIZATION_LEVEL = "-Onone";
			};
			name = Debug;
		};
		CDE16BD91ED4B8700036693A /* Release */ = {
			isa = XCBuildConfiguration;
			buildSettings = {
				ALWAYS_SEARCH_USER_PATHS = NO;
				CLANG_ANALYZER_NONNULL = YES;
				CLANG_ANALYZER_NUMBER_OBJECT_CONVERSION = YES_AGGRESSIVE;
				CLANG_CXX_LANGUAGE_STANDARD = "gnu++0x";
				CLANG_CXX_LIBRARY = "libc++";
				CLANG_ENABLE_MODULES = YES;
				CLANG_ENABLE_OBJC_ARC = YES;
				CLANG_WARN_BOOL_CONVERSION = YES;
				CLANG_WARN_CONSTANT_CONVERSION = YES;
				CLANG_WARN_DIRECT_OBJC_ISA_USAGE = YES_ERROR;
				CLANG_WARN_DOCUMENTATION_COMMENTS = YES;
				CLANG_WARN_EMPTY_BODY = YES;
				CLANG_WARN_ENUM_CONVERSION = YES;
				CLANG_WARN_INFINITE_RECURSION = YES;
				CLANG_WARN_INT_CONVERSION = YES;
				CLANG_WARN_OBJC_ROOT_CLASS = YES_ERROR;
				CLANG_WARN_SUSPICIOUS_MOVE = YES;
				CLANG_WARN_UNREACHABLE_CODE = YES;
				CLANG_WARN__DUPLICATE_METHOD_MATCH = YES;
				"CODE_SIGN_IDENTITY[sdk=iphoneos*]" = "iPhone Developer";
				COPY_PHASE_STRIP = NO;
				DEBUG_INFORMATION_FORMAT = "dwarf-with-dsym";
				ENABLE_NS_ASSERTIONS = NO;
				ENABLE_STRICT_OBJC_MSGSEND = YES;
				GCC_C_LANGUAGE_STANDARD = gnu99;
				GCC_NO_COMMON_BLOCKS = YES;
				GCC_WARN_64_TO_32_BIT_CONVERSION = YES;
				GCC_WARN_ABOUT_RETURN_TYPE = YES_ERROR;
				GCC_WARN_UNDECLARED_SELECTOR = YES;
				GCC_WARN_UNINITIALIZED_AUTOS = YES_AGGRESSIVE;
				GCC_WARN_UNUSED_FUNCTION = YES;
				GCC_WARN_UNUSED_VARIABLE = YES;
				IPHONEOS_DEPLOYMENT_TARGET = 10.3;
				MTL_ENABLE_DEBUG_INFO = NO;
				SDKROOT = iphoneos;
				SWIFT_OPTIMIZATION_LEVEL = "-Owholemodule";
				VALIDATE_PRODUCT = YES;
			};
			name = Release;
		};
		CDE16BDB1ED4B8700036693A /* Debug */ = {
			isa = XCBuildConfiguration;
			buildSettings = {
				ASSETCATALOG_COMPILER_APPICON_NAME = AppIcon;
				"CODE_SIGN_IDENTITY[sdk=iphoneos*]" = "iPhone Developer";
				DEVELOPMENT_TEAM = M569N7RGY6;
				INFOPLIST_FILE = StoreSearch/Info.plist;
				LD_RUNPATH_SEARCH_PATHS = "$(inherited) @executable_path/Frameworks";
				PRODUCT_BUNDLE_IDENTIFIER = com.normanlopez.StoreSearch;
				PRODUCT_NAME = "$(TARGET_NAME)";
				PROVISIONING_PROFILE_SPECIFIER = "";
				SWIFT_VERSION = 3.0;
			};
			name = Debug;
		};
		CDE16BDC1ED4B8700036693A /* Release */ = {
			isa = XCBuildConfiguration;
			buildSettings = {
				ASSETCATALOG_COMPILER_APPICON_NAME = AppIcon;
				"CODE_SIGN_IDENTITY[sdk=iphoneos*]" = "iPhone Developer";
				DEVELOPMENT_TEAM = M569N7RGY6;
				INFOPLIST_FILE = StoreSearch/Info.plist;
				LD_RUNPATH_SEARCH_PATHS = "$(inherited) @executable_path/Frameworks";
				PRODUCT_BUNDLE_IDENTIFIER = com.normanlopez.StoreSearch;
				PRODUCT_NAME = "$(TARGET_NAME)";
				PROVISIONING_PROFILE_SPECIFIER = "";
				SWIFT_VERSION = 3.0;
			};
			name = Release;
		};
/* End XCBuildConfiguration section */

/* Begin XCConfigurationList section */
		CDE16BC31ED4B86F0036693A /* Build configuration list for PBXProject "StoreSearch" */ = {
			isa = XCConfigurationList;
			buildConfigurations = (
				CDE16BD81ED4B8700036693A /* Debug */,
				CDE16BD91ED4B8700036693A /* Release */,
			);
			defaultConfigurationIsVisible = 0;
			defaultConfigurationName = Release;
		};
		CDE16BDA1ED4B8700036693A /* Build configuration list for PBXNativeTarget "StoreSearch" */ = {
			isa = XCConfigurationList;
			buildConfigurations = (
				CDE16BDB1ED4B8700036693A /* Debug */,
				CDE16BDC1ED4B8700036693A /* Release */,
			);
			defaultConfigurationIsVisible = 0;
			defaultConfigurationName = Release;
		};
/* End XCConfigurationList section */
	};
	rootObject = CDE16BC01ED4B86F0036693A /* Project object */;
}
